
Microsoft Visual Studio Solution File, Format Version 12.00
# Visual Studio Version 17
VisualStudioVersion = 17.1.32328.378
MinimumVisualStudioVersion = 10.0.40219.1
Project("{FAE04EC0-301F-11D3-BF4B-00C04F79EFBC}") = "My first project", "My first project\My first project.csproj", "{997C31FB-02DA-48C2-BB77-442D777EEF39}"
EndProject
Global
	GlobalSection(SolutionConfigurationPlatforms) = preSolution
		Debug|Any CPU = Debug|Any CPU
		Release|Any CPU = Release|Any CPU
	EndGlobalSection
	GlobalSection(ProjectConfigurationPlatforms) = postSolution
		{997C31FB-02DA-48C2-BB77-442D777EEF39}.Debug|Any CPU.ActiveCfg = Debug|Any CPU
		{997C31FB-02DA-48C2-BB77-442D777EEF39}.Debug|Any CPU.Build.0 = Debug|Any CPU
		{997C31FB-02DA-48C2-BB77-442D777EEF39}.Release|Any CPU.ActiveCfg = Release|Any CPU
		{997C31FB-02DA-48C2-BB77-442D777EEF39}.Release|Any CPU.Build.0 = Release|Any CPU
	EndGlobalSection
	GlobalSection(SolutionProperties) = preSolution
		HideSolutionNode = FALSE
	EndGlobalSection
	GlobalSection(ExtensibilityGlobals) = postSolution
		SolutionGuid = {A6E4316C-9FE6-4BC4-8704-5AC815C1F869}
	EndGlobalSection
EndGlobal
